
Microsoft Visual Studio Solution File, Format Version 12.00
# Visual Studio Version 17
VisualStudioVersion = 17.14.37628.2 d17.14
MinimumVisualStudioVersion = 10.0.40219.1
Project("{FAE04EC0-301F-11D3-BF4B-00C04F79EFBC}") = "WenHuaCollege", "WenHuaCollege\WenHuaCollege.csproj", "{520E3461-2F89-4BC5-AF42-BA9E43C251F2}"
EndProject
Global
	GlobalSection(SolutionConfigurationPlatforms) = preSolution
		Debug|Any CPU = Debug|Any CPU
		Release|Any CPU = Release|Any CPU
	EndGlobalSection
	GlobalSection(ProjectConfigurationPlatforms) = postSolution
		{520E3461-2F89-4BC5-AF42-BA9E43C251F2}.Debug|Any CPU.ActiveCfg = Debug|Any CPU
		{520E3461-2F89-4BC5-AF42-BA9E43C251F2}.Debug|Any CPU.Build.0 = Debug|Any CPU
		{520E3461-2F89-4BC5-AF42-BA9E43C251F2}.Release|Any CPU.ActiveCfg = Release|Any CPU
		{520E3461-2F89-4BC5-AF42-BA9E43C251F2}.Release|Any CPU.Build.0 = Release|Any CPU
	EndGlobalSection
	GlobalSection(SolutionProperties) = preSolution
		HideSolutionNode = FALSE
	EndGlobalSection
	GlobalSection(ExtensibilityGlobals) = postSolution
		SolutionGuid = {3513242C-A35C-4A92-AF28-1F9E8829FCE8}
	EndGlobalSection
EndGlobal
